dependencies:
  abobija/rc522:
    component_hash: affaa665618bda081401b2313c2e96662a58805ef0ed49dabd90796837e63853
    dependencies:
    - name: idf
      registry_url: https://components.espressif.com
      require: private
      version: ^5
    source:
      registry_url: https://components.espressif.com/
      type: service
    version: 3.2.4
  idf:
    source:
      type: idf
    version: 5.3.1
direct_dependencies:
- abobija/rc522
- idf
manifest_hash: d3d7241642908b0920c49e4f4a63ef46a9d6dcbbfa515892691048526227fc0f
target: esp32
version: 2.0.0
